// !$*UTF8*$!
{
	archiveVersion = 1;
	classes = {
	};
	objectVersion = 51;
	objects = {

/* Begin PBXBuildFile section */
		1EBEB17F19D0F334155FF6E7 /* Pods_TestPhotos.framework in Frameworks */ = {isa = PBXBuildFile; fileRef = 6CF6AEC3AA234A6124276A08 /* Pods_TestPhotos.framework */; };
		70521540244781C700A3946A /* NetworkService.swift in Sources */ = {isa = PBXBuildFile; fileRef = 7052153F244781C700A3946A /* NetworkService.swift */; };
		705215422447BF6400A3946A /* DatabaseService.swift in Sources */ = {isa = PBXBuildFile; fileRef = 705215412447BF6400A3946A /* DatabaseService.swift */; };
		705215442447DA5A00A3946A /* UserDefaultsService.swift in Sources */ = {isa = PBXBuildFile; fileRef = 705215432447DA5A00A3946A /* UserDefaultsService.swift */; };
		70521546244803C600A3946A /* PhotosViewModel.swift in Sources */ = {isa = PBXBuildFile; fileRef = 70521545244803C600A3946A /* PhotosViewModel.swift */; };
		705215482448062000A3946A /* PhotoCellModel.swift in Sources */ = {isa = PBXBuildFile; fileRef = 705215472448062000A3946A /* PhotoCellModel.swift */; };
		7052154B2448075000A3946A /* UIViewController+Ext.swift in Sources */ = {isa = PBXBuildFile; fileRef = 7052154A2448075000A3946A /* UIViewController+Ext.swift */; };
		7052154D24480DFB00A3946A /* CustomErrors.swift in Sources */ = {isa = PBXBuildFile; fileRef = 7052154C24480DFB00A3946A /* CustomErrors.swift */; };
		7052155124482C4400A3946A /* DetailedPhotoViewController.swift in Sources */ = {isa = PBXBuildFile; fileRef = 7052155024482C4400A3946A /* DetailedPhotoViewController.swift */; };
		705215532448519C00A3946A /* PhotoCollectionViewCell.swift in Sources */ = {isa = PBXBuildFile; fileRef = 705215522448519C00A3946A /* PhotoCollectionViewCell.swift */; };
		70568C4524476B15003A875C /* AppDelegate.swift in Sources */ = {isa = PBXBuildFile; fileRef = 70568C4424476B15003A875C /* AppDelegate.swift */; };
		70568C4724476B15003A875C /* SceneDelegate.swift in Sources */ = {isa = PBXBuildFile; fileRef = 70568C4624476B15003A875C /* SceneDelegate.swift */; };
		70568C4924476B15003A875C /* PhotosViewController.swift in Sources */ = {isa = PBXBuildFile; fileRef = 70568C4824476B15003A875C /* PhotosViewController.swift */; };
		70568C4E24476B17003A875C /* Assets.xcassets in Resources */ = {isa = PBXBuildFile; fileRef = 70568C4D24476B17003A875C /* Assets.xcassets */; };
		70568C5124476B17003A875C /* LaunchScreen.storyboard in Resources */ = {isa = PBXBuildFile; fileRef = 70568C4F24476B17003A875C /* LaunchScreen.storyboard */; };
		70568C5924477306003A875C /* PhotoModel.swift in Sources */ = {isa = PBXBuildFile; fileRef = 70568C5824477306003A875C /* PhotoModel.swift */; };
/* End PBXBuildFile section */

/* Begin PBXFileReference section */
		0B3DB7B64902BEC9660A41B4 /* Pods-TestPhotos.debug.xcconfig */ = {isa = PBXFileReference; includeInIndex = 1; lastKnownFileType = text.xcconfig; name = "Pods-TestPhotos.debug.xcconfig"; path = "Target Support Files/Pods-TestPhotos/Pods-TestPhotos.debug.xcconfig"; sourceTree = "<group>"; };
		6CF6AEC3AA234A6124276A08 /* Pods_TestPhotos.framework */ = {isa = PBXFileReference; explicitFileType = wrapper.framework; includeInIndex = 0; path = Pods_TestPhotos.framework; sourceTree = BUILT_PRODUCTS_DIR; };
		7052153F244781C700A3946A /* NetworkService.swift */ = {isa = PBXFileReference; lastKnownFileType = sourcecode.swift; path = NetworkService.swift; sourceTree = "<group>"; };
		705215412447BF6400A3946A /* DatabaseService.swift */ = {isa = PBXFileReference; lastKnownFileType = sourcecode.swift; path = DatabaseService.swift; sourceTree = "<group>"; };
		705215432447DA5A00A3946A /* UserDefaultsService.swift */ = {isa = PBXFileReference; lastKnownFileType = sourcecode.swift; path = UserDefaultsService.swift; sourceTree = "<group>"; };
		70521545244803C600A3946A /* PhotosViewModel.swift */ = {isa = PBXFileReference; lastKnownFileType = sourcecode.swift; path = PhotosViewModel.swift; sourceTree = "<group>"; };
		705215472448062000A3946A /* PhotoCellModel.swift */ = {isa = PBXFileReference; lastKnownFileType = sourcecode.swift; path = PhotoCellModel.swift; sourceTree = "<group>"; };
		7052154A2448075000A3946A /* UIViewController+Ext.swift */ = {isa = PBXFileReference; lastKnownFileType = sourcecode.swift; path = "UIViewController+Ext.swift"; sourceTree = "<group>"; };
		7052154C24480DFB00A3946A /* CustomErrors.swift */ = {isa = PBXFileReference; lastKnownFileType = sourcecode.swift; path = CustomErrors.swift; sourceTree = "<group>"; };
		7052155024482C4400A3946A /* DetailedPhotoViewController.swift */ = {isa = PBXFileReference; lastKnownFileType = sourcecode.swift; path = DetailedPhotoViewController.swift; sourceTree = "<group>"; };
		705215522448519C00A3946A /* PhotoCollectionViewCell.swift */ = {isa = PBXFileReference; lastKnownFileType = sourcecode.swift; path = PhotoCollectionViewCell.swift; sourceTree = "<group>"; };
		70568C4124476B15003A875C /* TestPhotos.app */ = {isa = PBXFileReference; explicitFileType = wrapper.application; includeInIndex = 0; path = TestPhotos.app; sourceTree = BUILT_PRODUCTS_DIR; };
		70568C4424476B15003A875C /* AppDelegate.swift */ = {isa = PBXFileReference; lastKnownFileType = sourcecode.swift; path = AppDelegate.swift; sourceTree = "<group>"; };
		70568C4624476B15003A875C /* SceneDelegate.swift */ = {isa = PBXFileReference; lastKnownFileType = sourcecode.swift; path = SceneDelegate.swift; sourceTree = "<group>"; };
		70568C4824476B15003A875C /* PhotosViewController.swift */ = {isa = PBXFileReference; lastKnownFileType = sourcecode.swift; path = PhotosViewController.swift; sourceTree = "<group>"; };
		70568C4D24476B17003A875C /* Assets.xcassets */ = {isa = PBXFileReference; lastKnownFileType = folder.assetcatalog; path = Assets.xcassets; sourceTree = "<group>"; };
		70568C5024476B17003A875C /* Base */ = {isa = PBXFileReference; lastKnownFileType = file.storyboard; name = Base; path = Base.lproj/LaunchScreen.storyboard; sourceTree = "<group>"; };
		70568C5224476B17003A875C /* Info.plist */ = {isa = PBXFileReference; lastKnownFileType = text.plist.xml; path = Info.plist; sourceTree = "<group>"; };
		70568C5824477306003A875C /* PhotoModel.swift */ = {isa = PBXFileReference; lastKnownFileType = sourcecode.swift; path = PhotoModel.swift; sourceTree = "<group>"; };
		850B715CB93780EC3CA0B689 /* Pods-TestPhotos.release.xcconfig */ = {isa = PBXFileReference; includeInIndex = 1; lastKnownFileType = text.xcconfig; name = "Pods-TestPhotos.release.xcconfig"; path = "Target Support Files/Pods-TestPhotos/Pods-TestPhotos.release.xcconfig"; sourceTree = "<group>"; };
/* End PBXFileReference section */

/* Begin PBXFrameworksBuildPhase section */
		70568C3E24476B15003A875C /* Frameworks */ = {
			isa = PBXFrameworksBuildPhase;
			buildActionMask = 2147483647;
			files = (
				1EBEB17F19D0F334155FF6E7 /* Pods_TestPhotos.framework in Frameworks */,
			);
			runOnlyForDeploymentPostprocessing = 0;
		};
/* End PBXFrameworksBuildPhase section */

/* Begin PBXGroup section */
		570D81018FE15DA7AA989DE8 /* Frameworks */ = {
			isa = PBXGroup;
			children = (
				6CF6AEC3AA234A6124276A08 /* Pods_TestPhotos.framework */,
			);
			name = Frameworks;
			sourceTree = "<group>";
		};
		7052153D2447818900A3946A /* Model */ = {
			isa = PBXGroup;
			children = (
				70568C5824477306003A875C /* PhotoModel.swift */,
				705215472448062000A3946A /* PhotoCellModel.swift */,
			);
			path = Model;
			sourceTree = "<group>";
		};
		7052153E244781A500A3946A /* Services */ = {
			isa = PBXGroup;
			children = (
				7052153F244781C700A3946A /* NetworkService.swift */,
				705215412447BF6400A3946A /* DatabaseService.swift */,
				705215432447DA5A00A3946A /* UserDefaultsService.swift */,
			);
			path = Services;
			sourceTree = "<group>";
		};
		705215492448072B00A3946A /* Helpers */ = {
			isa = PBXGroup;
			children = (
				7052154A2448075000A3946A /* UIViewController+Ext.swift */,
				7052154C24480DFB00A3946A /* CustomErrors.swift */,
			);
			path = Helpers;
			sourceTree = "<group>";
		};
		7052154E24480E9100A3946A /* Photos */ = {
			isa = PBXGroup;
			children = (
				70521545244803C600A3946A /* PhotosViewModel.swift */,
				70568C4824476B15003A875C /* PhotosViewController.swift */,
				705215522448519C00A3946A /* PhotoCollectionViewCell.swift */,
			);
			path = Photos;
			sourceTree = "<group>";
		};
		7052154F24482C1B00A3946A /* DetailedPhoto */ = {
			isa = PBXGroup;
			children = (
				7052155024482C4400A3946A /* DetailedPhotoViewController.swift */,
			);
			path = DetailedPhoto;
			sourceTree = "<group>";
		};
		70568C3824476B15003A875C = {
			isa = PBXGroup;
			children = (
				70568C4324476B15003A875C /* TestPhotos */,
				70568C4224476B15003A875C /* Products */,
				CF233D2703B6548D4E8C4D98 /* Pods */,
				570D81018FE15DA7AA989DE8 /* Frameworks */,
			);
			sourceTree = "<group>";
		};
		70568C4224476B15003A875C /* Products */ = {
			isa = PBXGroup;
			children = (
				70568C4124476B15003A875C /* TestPhotos.app */,
			);
			name = Products;
			sourceTree = "<group>";
		};
		70568C4324476B15003A875C /* TestPhotos */ = {
			isa = PBXGroup;
			children = (
				705215492448072B00A3946A /* Helpers */,
				7052153E244781A500A3946A /* Services */,
				7052153D2447818900A3946A /* Model */,
				7052154E24480E9100A3946A /* Photos */,
				7052154F24482C1B00A3946A /* DetailedPhoto */,
				70568C4424476B15003A875C /* AppDelegate.swift */,
				70568C4624476B15003A875C /* SceneDelegate.swift */,
				70568C4D24476B17003A875C /* Assets.xcassets */,
				70568C4F24476B17003A875C /* LaunchScreen.storyboard */,
				70568C5224476B17003A875C /* Info.plist */,
			);
			path = TestPhotos;
			sourceTree = "<group>";
		};
		CF233D2703B6548D4E8C4D98 /* Pods */ = {
			isa = PBXGroup;
			children = (
				0B3DB7B64902BEC9660A41B4 /* Pods-TestPhotos.debug.xcconfig */,
				850B715CB93780EC3CA0B689 /* Pods-TestPhotos.release.xcconfig */,
			);
			path = Pods;
			sourceTree = "<group>";
		};
/* End PBXGroup section */

/* Begin PBXNativeTarget section */
		70568C4024476B15003A875C /* TestPhotos */ = {
			isa = PBXNativeTarget;
			buildConfigurationList = 70568C5524476B17003A875C /* Build configuration list for PBXNativeTarget "TestPhotos" */;
			buildPhases = (
				26C3566C2074F0304E055AF8 /* [CP] Check Pods Manifest.lock */,
				70568C3D24476B15003A875C /* Sources */,
				70568C3E24476B15003A875C /* Frameworks */,
				70568C3F24476B15003A875C /* Resources */,
				339F1AC0E818AEE668A6CC4A /* [CP] Embed Pods Frameworks */,
			);
			buildRules = (
			);
			dependencies = (
			);
			name = TestPhotos;
			productName = TestPhotos;
			productReference = 70568C4124476B15003A875C /* TestPhotos.app */;
			productType = "com.apple.product-type.application";
		};
/* End PBXNativeTarget section */

/* Begin PBXProject section */
		70568C3924476B15003A875C /* Project object */ = {
			isa = PBXProject;
			attributes = {
				LastSwiftUpdateCheck = 1130;
				LastUpgradeCheck = 1130;
				ORGANIZATIONNAME = "Anastasia Romanova";
				TargetAttributes = {
					70568C4024476B15003A875C = {
						CreatedOnToolsVersion = 11.3.1;
					};
				};
			};
			buildConfigurationList = 70568C3C24476B15003A875C /* Build configuration list for PBXProject "TestPhotos" */;
			compatibilityVersion = "Xcode 9.3";
			developmentRegion = en;
			hasScannedForEncodings = 0;
			knownRegions = (
				en,
				Base,
			);
			mainGroup = 70568C3824476B15003A875C;
			productRefGroup = 70568C4224476B15003A875C /* Products */;
			projectDirPath = "";
			projectRoot = "";
			targets = (
				70568C4024476B15003A875C /* TestPhotos */,
			);
		};
/* End PBXProject section */

/* Begin PBXResourcesBuildPhase section */
		70568C3F24476B15003A875C /* Resources */ = {
			isa = PBXResourcesBuildPhase;
			buildActionMask = 2147483647;
			files = (
				70568C5124476B17003A875C /* LaunchScreen.storyboard in Resources */,
				70568C4E24476B17003A875C /* Assets.xcassets in Resources */,
			);
			runOnlyForDeploymentPostprocessing = 0;
		};
/* End PBXResourcesBuildPhase section */

/* Begin PBXShellScriptBuildPhase section */
		26C3566C2074F0304E055AF8 /* [CP] Check Pods Manifest.lock */ = {
			isa = PBXShellScriptBuildPhase;
			buildActionMask = 2147483647;
			files = (
			);
			inputFileListPaths = (
			);
			inputPaths = (
				"${PODS_PODFILE_DIR_PATH}/Podfile.lock",
				"${PODS_ROOT}/Manifest.lock",
			);
			name = "[CP] Check Pods Manifest.lock";
			outputFileListPaths = (
			);
			outputPaths = (
				"$(DERIVED_FILE_DIR)/Pods-TestPhotos-checkManifestLockResult.txt",
			);
			runOnlyForDeploymentPostprocessing = 0;
			shellPath = /bin/sh;
			shellScript = "diff \"${PODS_PODFILE_DIR_PATH}/Podfile.lock\" \"${PODS_ROOT}/Manifest.lock\" > /dev/null\nif [ $? != 0 ] ; then\n    # print error to STDERR\n    echo \"error: The sandbox is not in sync with the Podfile.lock. Run 'pod install' or update your CocoaPods installation.\" >&2\n    exit 1\nfi\n# This output is used by Xcode 'outputs' to avoid re-running this script phase.\necho \"SUCCESS\" > \"${SCRIPT_OUTPUT_FILE_0}\"\n";
			showEnvVarsInLog = 0;
		};
		339F1AC0E818AEE668A6CC4A /* [CP] Embed Pods Frameworks */ = {
			isa = PBXShellScriptBuildPhase;
			buildActionMask = 2147483647;
			files = (
			);
			inputFileListPaths = (
				"${PODS_ROOT}/Target Support Files/Pods-TestPhotos/Pods-TestPhotos-frameworks-${CONFIGURATION}-input-files.xcfilelist",
			);
			name = "[CP] Embed Pods Frameworks";
			outputFileListPaths = (
				"${PODS_ROOT}/Target Support Files/Pods-TestPhotos/Pods-TestPhotos-frameworks-${CONFIGURATION}-output-files.xcfilelist",
			);
			runOnlyForDeploymentPostprocessing = 0;
			shellPath = /bin/sh;
			shellScript = "\"${PODS_ROOT}/Target Support Files/Pods-TestPhotos/Pods-TestPhotos-frameworks.sh\"\n";
			showEnvVarsInLog = 0;
		};
/* End PBXShellScriptBuildPhase section */

/* Begin PBXSourcesBuildPhase section */
		70568C3D24476B15003A875C /* Sources */ = {
			isa = PBXSourcesBuildPhase;
			buildActionMask = 2147483647;
			files = (
				705215422447BF6400A3946A /* DatabaseService.swift in Sources */,
				705215532448519C00A3946A /* PhotoCollectionViewCell.swift in Sources */,
				70521546244803C600A3946A /* PhotosViewModel.swift in Sources */,
				7052154B2448075000A3946A /* UIViewController+Ext.swift in Sources */,
				7052154D24480DFB00A3946A /* CustomErrors.swift in Sources */,
				705215442447DA5A00A3946A /* UserDefaultsService.swift in Sources */,
				70521540244781C700A3946A /* NetworkService.swift in Sources */,
				70568C4924476B15003A875C /* PhotosViewController.swift in Sources */,
				70568C4524476B15003A875C /* AppDelegate.swift in Sources */,
				70568C5924477306003A875C /* PhotoModel.swift in Sources */,
				705215482448062000A3946A /* PhotoCellModel.swift in Sources */,
				70568C4724476B15003A875C /* SceneDelegate.swift in Sources */,
				7052155124482C4400A3946A /* DetailedPhotoViewController.swift in Sources */,
			);
			runOnlyForDeploymentPostprocessing = 0;
		};
/* End PBXSourcesBuildPhase section */

/* Begin PBXVariantGroup section */
		70568C4F24476B17003A875C /* LaunchScreen.storyboard */ = {
			isa = PBXVariantGroup;
			children = (
				70568C5024476B17003A875C /* Base */,
			);
			name = LaunchScreen.storyboard;
			sourceTree = "<group>";
		};
/* End PBXVariantGroup section */

/* Begin XCBuildConfiguration section */
		70568C5324476B17003A875C /* Debug */ = {
			isa = XCBuildConfiguration;
			buildSettings = {
				ALWAYS_SEARCH_USER_PATHS = NO;
				CLANG_ANALYZER_NONNULL = YES;
				CLANG_ANALYZER_NUMBER_OBJECT_CONVERSION = YES_AGGRESSIVE;
				CLANG_CXX_LANGUAGE_STANDARD = "gnu++14";
				CLANG_CXX_LIBRARY = "libc++";
				CLANG_ENABLE_MODULES = YES;
				CLANG_ENABLE_OBJC_ARC = YES;
				CLANG_ENABLE_OBJC_WEAK = YES;
				CLANG_WARN_BLOCK_CAPTURE_AUTORELEASING = YES;
				CLANG_WARN_BOOL_CONVERSION = YES;
				CLANG_WARN_COMMA = YES;
				CLANG_WARN_CONSTANT_CONVERSION = YES;
				CLANG_WARN_DEPRECATED_OBJC_IMPLEMENTATIONS = YES;
				CLANG_WARN_DIRECT_OBJC_ISA_USAGE = YES_ERROR;
				CLANG_WARN_DOCUMENTATION_COMMENTS = YES;
				CLANG_WARN_EMPTY_BODY = YES;
				CLANG_WARN_ENUM_CONVERSION = YES;
				CLANG_WARN_INFINITE_RECURSION = YES;
				CLANG_WARN_INT_CONVERSION = YES;
				CLANG_WARN_NON_LITERAL_NULL_CONVERSION = YES;
				CLANG_WARN_OBJC_IMPLICIT_RETAIN_SELF = YES;
				CLANG_WARN_OBJC_LITERAL_CONVERSION = YES;
				CLANG_WARN_OBJC_ROOT_CLASS = YES_ERROR;
				CLANG_WARN_RANGE_LOOP_ANALYSIS = YES;
				CLANG_WARN_STRICT_PROTOTYPES = YES;
				CLANG_WARN_SUSPICIOUS_MOVE = YES;
				CLANG_WARN_UNGUARDED_AVAILABILITY = YES_AGGRESSIVE;
				CLANG_WARN_UNREACHABLE_CODE = YES;
				CLANG_WARN__DUPLICATE_METHOD_MATCH = YES;
				COPY_PHASE_STRIP = NO;
				DEBUG_INFORMATION_FORMAT = dwarf;
				ENABLE_STRICT_OBJC_MSGSEND = YES;
				ENABLE_TESTABILITY = YES;
				GCC_C_LANGUAGE_STANDARD = gnu11;
				GCC_DYNAMIC_NO_PIC = NO;
				GCC_NO_COMMON_BLOCKS = YES;
				GCC_OPTIMIZATION_LEVEL = 0;
				GCC_PREPROCESSOR_DEFINITIONS = (
					"DEBUG=1",
					"$(inherited)",
				);
				GCC_WARN_64_TO_32_BIT_CONVERSION = YES;
				GCC_WARN_ABOUT_RETURN_TYPE = YES_ERROR;
				GCC_WARN_UNDECLARED_SELECTOR = YES;
				GCC_WARN_UNINITIALIZED_AUTOS = YES_AGGRESSIVE;
				GCC_WARN_UNUSED_FUNCTION = YES;
				GCC_WARN_UNUSED_VARIABLE = YES;
				IPHONEOS_DEPLOYMENT_TARGET = 13.2;
				MTL_ENABLE_DEBUG_INFO = INCLUDE_SOURCE;
				MTL_FAST_MATH = YES;
				ONLY_ACTIVE_ARCH = YES;
				SDKROOT = iphoneos;
				SWIFT_ACTIVE_COMPILATION_CONDITIONS = DEBUG;
				SWIFT_OPTIMIZATION_LEVEL = "-Onone";
			};
			name = Debug;
		};
		70568C5424476B17003A875C /* Release */ = {
			isa = XCBuildConfiguration;
			buildSettings = {
				ALWAYS_SEARCH_USER_PATHS = NO;
				CLANG_ANALYZER_NONNULL = YES;
				CLANG_ANALYZER_NUMBER_OBJECT_CONVERSION = YES_AGGRESSIVE;
				CLANG_CXX_LANGUAGE_STANDARD = "gnu++14";
				CLANG_CXX_LIBRARY = "libc++";
				CLANG_ENABLE_MODULES = YES;
				CLANG_ENABLE_OBJC_ARC = YES;
				CLANG_ENABLE_OBJC_WEAK = YES;
				CLANG_WARN_BLOCK_CAPTURE_AUTORELEASING = YES;
				CLANG_WARN_BOOL_CONVERSION = YES;
				CLANG_WARN_COMMA = YES;
				CLANG_WARN_CONSTANT_CONVERSION = YES;
				CLANG_WARN_DEPRECATED_OBJC_IMPLEMENTATIONS = YES;
				CLANG_WARN_DIRECT_OBJC_ISA_USAGE = YES_ERROR;
				CLANG_WARN_DOCUMENTATION_COMMENTS = YES;
				CLANG_WARN_EMPTY_BODY = YES;
				CLANG_WARN_ENUM_CONVERSION = YES;
				CLANG_WARN_INFINITE_RECURSION = YES;
				CLANG_WARN_INT_CONVERSION = YES;
				CLANG_WARN_NON_LITERAL_NULL_CONVERSION = YES;
				CLANG_WARN_OBJC_IMPLICIT_RETAIN_SELF = YES;
				CLANG_WARN_OBJC_LITERAL_CONVERSION = YES;
				CLANG_WARN_OBJC_ROOT_CLASS = YES_ERROR;
				CLANG_WARN_RANGE_LOOP_ANALYSIS = YES;
				CLANG_WARN_STRICT_PROTOTYPES = YES;
				CLANG_WARN_SUSPICIOUS_MOVE = YES;
				CLANG_WARN_UNGUARDED_AVAILABILITY = YES_AGGRESSIVE;
				CLANG_WARN_UNREACHABLE_CODE = YES;
				CLANG_WARN__DUPLICATE_METHOD_MATCH = YES;
				COPY_PHASE_STRIP = NO;
				DEBUG_INFORMATION_FORMAT = "dwarf-with-dsym";
				ENABLE_NS_ASSERTIONS = NO;
				ENABLE_STRICT_OBJC_MSGSEND = YES;
				GCC_C_LANGUAGE_STANDARD = gnu11;
				GCC_NO_COMMON_BLOCKS = YES;
				GCC_WARN_64_TO_32_BIT_CONVERSION = YES;
				GCC_WARN_ABOUT_RETURN_TYPE = YES_ERROR;
				GCC_WARN_UNDECLARED_SELECTOR = YES;
				GCC_WARN_UNINITIALIZED_AUTOS = YES_AGGRESSIVE;
				GCC_WARN_UNUSED_FUNCTION = YES;
				GCC_WARN_UNUSED_VARIABLE = YES;
				IPHONEOS_DEPLOYMENT_TARGET = 13.2;
				MTL_ENABLE_DEBUG_INFO = NO;
				MTL_FAST_MATH = YES;
				SDKROOT = iphoneos;
				SWIFT_COMPILATION_MODE = wholemodule;
				SWIFT_OPTIMIZATION_LEVEL = "-O";
				VALIDATE_PRODUCT = YES;
			};
			name = Release;
		};
		70568C5624476B17003A875C /* Debug */ = {
			isa = XCBuildConfiguration;
			baseConfigurationReference = 0B3DB7B64902BEC9660A41B4 /* Pods-TestPhotos.debug.xcconfig */;
			buildSettings = {
				ASSETCATALOG_COMPILER_APPICON_NAME = AppIcon;
				CODE_SIGN_STYLE = Automatic;
				DEVELOPMENT_TEAM = 73BDKJQMBT;
				INFOPLIST_FILE = TestPhotos/Info.plist;
				LD_RUNPATH_SEARCH_PATHS = (
					"$(inherited)",
					"@executable_path/Frameworks",
				);
				PRODUCT_BUNDLE_IDENTIFIER = mine.TestPhotos;
				PRODUCT_NAME = "$(TARGET_NAME)";
				SWIFT_VERSION = 5.0;
				TARGETED_DEVICE_FAMILY = 1;
			};
			name = Debug;
		};
		70568C5724476B17003A875C /* Release */ = {
			isa = XCBuildConfiguration;
			baseConfigurationReference = 850B715CB93780EC3CA0B689 /* Pods-TestPhotos.release.xcconfig */;
			buildSettings = {
				ASSETCATALOG_COMPILER_APPICON_NAME = AppIcon;
				CODE_SIGN_STYLE = Automatic;
				DEVELOPMENT_TEAM = 73BDKJQMBT;
				INFOPLIST_FILE = TestPhotos/Info.plist;
				LD_RUNPATH_SEARCH_PATHS = (
					"$(inherited)",
					"@executable_path/Frameworks",
				);
				PRODUCT_BUNDLE_IDENTIFIER = mine.TestPhotos;
				PRODUCT_NAME = "$(TARGET_NAME)";
				SWIFT_VERSION = 5.0;
				TARGETED_DEVICE_FAMILY = 1;
			};
			name = Release;
		};
/* End XCBuildConfiguration section */

/* Begin XCConfigurationList section */
		70568C3C24476B15003A875C /* Build configuration list for PBXProject "TestPhotos" */ = {
			isa = XCConfigurationList;
			buildConfigurations = (
				70568C5324476B17003A875C /* Debug */,
				70568C5424476B17003A875C /* Release */,
			);
			defaultConfigurationIsVisible = 0;
			defaultConfigurationName = Release;
		};
		70568C5524476B17003A875C /* Build configuration list for PBXNativeTarget "TestPhotos" */ = {
			isa = XCConfigurationList;
			buildConfigurations = (
				70568C5624476B17003A875C /* Debug */,
				70568C5724476B17003A875C /* Release */,
			);
			defaultConfigurationIsVisible = 0;
			defaultConfigurationName = Release;
		};
/* End XCConfigurationList section */
	};
	rootObject = 70568C3924476B15003A875C /* Project object */;
}
